# This file is generated by running "yarn install" inside your project.
# Manual changes might be lost - proceed with caution!

__metadata:
  version: 8
  cacheKey: 10c0

"@octokit/auth-token@npm:^3.0.0":
  version: 3.0.2
  resolution: "@octokit/auth-token@npm:3.0.2"
  dependencies:
    "@octokit/types": "npm:^8.0.0"
  checksum: 10c0/cfd67ae90bd0e6c2d376ddae48500f42cf7cb563ecda2f3cb9ea065b974fe3d8dbd75455ff5f46b62325a234349e5caf40fe006b6430f6893e1ece105b3476c6
  languageName: node
  linkType: hard

"@octokit/core@npm:^4.1.0":
  version: 4.1.0
  resolution: "@octokit/core@npm:4.1.0"
  dependencies:
    "@octokit/auth-token": "npm:^3.0.0"
    "@octokit/graphql": "npm:^5.0.0"
    "@octokit/request": "npm:^6.0.0"
    "@octokit/request-error": "npm:^3.0.0"
    "@octokit/types": "npm:^8.0.0"
    before-after-hook: "npm:^2.2.0"
    universal-user-agent: "npm:^6.0.0"
  checksum: 10c0/eba3a1c9b54f6a1933c4695d856f8c390b207d17874420d33b31c53ecebd12d0155bf447e35228f1a5a9dfbd0e8f8aa421cb5ecd5cc3445cce58d5489429c435
  languageName: node
  linkType: hard

"@octokit/endpoint@npm:^7.0.0":
  version: 7.0.3
  resolution: "@octokit/endpoint@npm:7.0.3"
  dependencies:
    "@octokit/types": "npm:^8.0.0"
    is-plain-object: "npm:^5.0.0"
    universal-user-agent: "npm:^6.0.0"
  checksum: 10c0/e592d889d8cc290dc8858162e342328373b241e236561ed559f1632b993e1facfe8793d36106d5c0a1ac5e3f340b4e69a32519e801a7415e06a4ed419dac08bd
  languageName: node
  linkType: hard

"@octokit/graphql@npm:^5.0.0":
  version: 5.0.4
  resolution: "@octokit/graphql@npm:5.0.4"
  dependencies:
    "@octokit/request": "npm:^6.0.0"
    "@octokit/types": "npm:^8.0.0"
    universal-user-agent: "npm:^6.0.0"
  checksum: 10c0/460ff26a16c5dd5121791cd824a1a997b2b1731ac2a10e941e6306b6f2f7046659bf55f689c96883aac01ddd476ed92c6b6b85dd2746cd6ed9f0ad908b4b4dd5
  languageName: node
  linkType: hard

"@octokit/openapi-types@npm:^14.0.0":
  version: 14.0.0
  resolution: "@octokit/openapi-types@npm:14.0.0"
  checksum: 10c0/d122bbfd4997ea7e056c7fcf5b3240982b5b090b816671eca01829ac5ce19d2a19f6da35d126ae19a956a4203c68302d8fb33d5c00c77996b4e4a746878ea589
  languageName: node
  linkType: hard

"@octokit/plugin-paginate-rest@npm:^5.0.0":
  version: 5.0.1
  resolution: "@octokit/plugin-paginate-rest@npm:5.0.1"
  dependencies:
    "@octokit/types": "npm:^8.0.0"
  peerDependencies:
    "@octokit/core": ">=4"
  checksum: 10c0/a6754bfa3c6e3b917f1b03266e90e96ba97957e3ca15b1cc5a306cebc8ef96f1757fe85d8fade41b4c0e7e3805c753e94d360375f2ec9fa96b1fec79b239a662
  languageName: node
  linkType: hard

"@octokit/plugin-request-log@npm:^1.0.4":
  version: 1.0.4
  resolution: "@octokit/plugin-request-log@npm:1.0.4"
  peerDependencies:
    "@octokit/core": ">=3"
  checksum: 10c0/7238585445555db553912e0cdef82801c89c6e5cbc62c23ae086761c23cc4a403d6c3fddd20348bbd42fb7508e2c2fce370eb18fdbe3fbae2c0d2c8be974f4cc
  languageName: node
  linkType: hard

"@octokit/plugin-rest-endpoint-methods@npm:^6.7.0":
  version: 6.7.0
  resolution: "@octokit/plugin-rest-endpoint-methods@npm:6.7.0"
  dependencies:
    "@octokit/types": "npm:^8.0.0"
    deprecation: "npm:^2.3.1"
  peerDependencies:
    "@octokit/core": ">=3"
  checksum: 10c0/4f6290cb405ad0a8e9f149a259836ef1bd2d82670571a108c613385e4fde1f940c265fa7047441f234f7b659934545a22b9feaba2b0ca5abeeeef94b7fc2859b
  languageName: node
  linkType: hard

"@octokit/request-error@npm:^3.0.0":
  version: 3.0.2
  resolution: "@octokit/request-error@npm:3.0.2"
  dependencies:
    "@octokit/types": "npm:^8.0.0"
    deprecation: "npm:^2.0.0"
    once: "npm:^1.4.0"
  checksum: 10c0/88962e8373f41513d8e101f1232c50f63933e4fd5c27f6739aca648ff8c517e82e885fa444c1153f01fd7c974c34ce680682226813b914c6b42eb14e3068b950
  languageName: node
  linkType: hard

"@octokit/request@npm:^6.0.0":
  version: 6.2.2
  resolution: "@octokit/request@npm:6.2.2"
  dependencies:
    "@octokit/endpoint": "npm:^7.0.0"
    "@octokit/request-error": "npm:^3.0.0"
    "@octokit/types": "npm:^8.0.0"
    is-plain-object: "npm:^5.0.0"
    node-fetch: "npm:^2.6.7"
    universal-user-agent: "npm:^6.0.0"
  checksum: 10c0/d89acdbeaaf9a8177a5eb75f83f2fecd0253a74753a403eb68b13561df32ed14d8f1c34bf65000e805d330d87e1d29ed0769d37c96ce981091e835ae7cd506a0
  languageName: node
  linkType: hard

"@octokit/rest@npm:^19.0.5":
  version: 19.0.5
  resolution: "@octokit/rest@npm:19.0.5"
  dependencies:
    "@octokit/core": "npm:^4.1.0"
    "@octokit/plugin-paginate-rest": "npm:^5.0.0"
    "@octokit/plugin-request-log": "npm:^1.0.4"
    "@octokit/plugin-rest-endpoint-methods": "npm:^6.7.0"
  checksum: 10c0/008a6389abe9b66bbc3f9c3ff9d16f6caee7a754bb827d3489168e5dd09b4f61eeb583351a8adf982dfcccc83a760cb03a0396170060391797823a9d93ffb51e
  languageName: node
  linkType: hard

"@octokit/types@npm:^8.0.0":
  version: 8.1.0
  resolution: "@octokit/types@npm:8.1.0"
  dependencies:
    "@octokit/openapi-types": "npm:^14.0.0"
  checksum: 10c0/160f6f4ad47e1638af2c86dee6214086aeeedf8829a39d8371f10a0fb47d76c17de9ccec6d6e0d38a0ecf5667ef2322714f15b774dd52fb4cd4268e86be940e5
  languageName: node
  linkType: hard

"asynckit@npm:^0.4.0":
  version: 0.4.0
  resolution: "asynckit@npm:0.4.0"
  checksum: 10c0/d73e2ddf20c4eb9337e1b3df1a0f6159481050a5de457c55b14ea2e5cb6d90bb69e004c9af54737a5ee0917fcf2c9e25de67777bbe58261847846066ba75bc9d
  languageName: node
  linkType: hard

"axios@npm:^1.3.2":
  version: 1.3.2
  resolution: "axios@npm:1.3.2"
  dependencies:
    follow-redirects: "npm:^1.15.0"
    form-data: "npm:^4.0.0"
    proxy-from-env: "npm:^1.1.0"
  checksum: 10c0/163f4b41e7a447b17aa131cd915aea0cf35aa00eb62531292c66359436dc16eef82cab64a5dc2cafcb612744b34789fa84615031cd06a55ac982e7add14e4468
  languageName: node
  linkType: hard

"before-after-hook@npm:^2.2.0":
  version: 2.2.3
  resolution: "before-after-hook@npm:2.2.3"
  checksum: 10c0/0488c4ae12df758ca9d49b3bb27b47fd559677965c52cae7b335784724fb8bf96c42b6e5ba7d7afcbc31facb0e294c3ef717cc41c5bc2f7bd9e76f8b90acd31c
  languageName: node
  linkType: hard

"combined-stream@npm:^1.0.8":
  version: 1.0.8
  resolution: "combined-stream@npm:1.0.8"
  dependencies:
    delayed-stream: "npm:~1.0.0"
  checksum: 10c0/0dbb829577e1b1e839fa82b40c07ffaf7de8a09b935cadd355a73652ae70a88b4320db322f6634a4ad93424292fa80973ac6480986247f1734a1137debf271d5
  languageName: node
  linkType: hard

"delayed-stream@npm:~1.0.0":
  version: 1.0.0
  resolution: "delayed-stream@npm:1.0.0"
  checksum: 10c0/d758899da03392e6712f042bec80aa293bbe9e9ff1b2634baae6a360113e708b91326594c8a486d475c69d6259afb7efacdc3537bfcda1c6c648e390ce601b19
  languageName: node
  linkType: hard

"deprecation@npm:^2.0.0, deprecation@npm:^2.3.1":
  version: 2.3.1
  resolution: "deprecation@npm:2.3.1"
  checksum: 10c0/23d688ba66b74d09b908c40a76179418acbeeb0bfdf218c8075c58ad8d0c315130cb91aa3dffb623aa3a411a3569ce56c6460de6c8d69071c17fe6dd2442f032
  languageName: node
  linkType: hard

"dotenv@npm:^16.0.3":
  version: 16.0.3
  resolution: "dotenv@npm:16.0.3"
  checksum: 10c0/109457ac5f9e930ca8066ea33887b6f839ab24d647a7a8b49ddcd1f32662e2c35591c5e5b9819063e430148a664d0927f0cbe60cf9575d89bc524f47ff7e78f0
  languageName: node
  linkType: hard

"follow-redirects@npm:^1.15.0":
  version: 1.15.2
  resolution: "follow-redirects@npm:1.15.2"
  peerDependenciesMeta:
    debug:
      optional: true
  checksum: 10c0/da5932b70e63944d38eecaa16954bac4347036f08303c913d166eda74809d8797d38386e3a0eb1d2fe37d2aaff2764cce8e9dbd99459d860cf2cdfa237923b5f
  languageName: node
  linkType: hard

"form-data@npm:^4.0.0":
  version: 4.0.0
  resolution: "form-data@npm:4.0.0"
  dependencies:
    asynckit: "npm:^0.4.0"
    combined-stream: "npm:^1.0.8"
    mime-types: "npm:^2.1.12"
  checksum: 10c0/cb6f3ac49180be03ff07ba3ff125f9eba2ff0b277fb33c7fc47569fc5e616882c5b1c69b9904c4c4187e97dd0419dd03b134174756f296dec62041e6527e2c6e
  languageName: node
  linkType: hard

"is-plain-object@npm:^5.0.0":
  version: 5.0.0
  resolution: "is-plain-object@npm:5.0.0"
  checksum: 10c0/893e42bad832aae3511c71fd61c0bf61aa3a6d853061c62a307261842727d0d25f761ce9379f7ba7226d6179db2a3157efa918e7fe26360f3bf0842d9f28942c
  languageName: node
  linkType: hard

"mime-db@npm:1.52.0":
  version: 1.52.0
  resolution: "mime-db@npm:1.52.0"
  checksum: 10c0/0557a01deebf45ac5f5777fe7740b2a5c309c6d62d40ceab4e23da9f821899ce7a900b7ac8157d4548ddbb7beffe9abc621250e6d182b0397ec7f10c7b91a5aa
  languageName: node
  linkType: hard

"mime-types@npm:^2.1.12":
  version: 2.1.35
  resolution: "mime-types@npm:2.1.35"
  dependencies:
    mime-db: "npm:1.52.0"
  checksum: 10c0/82fb07ec56d8ff1fc999a84f2f217aa46cb6ed1033fefaabd5785b9a974ed225c90dc72fff460259e66b95b73648596dbcc50d51ed69cdf464af2d237d3149b2
  languageName: node
  linkType: hard

"node-fetch@npm:^2.6.7":
  version: 2.6.7
  resolution: "node-fetch@npm:2.6.7"
  dependencies:
    whatwg-url: "npm:^5.0.0"
  peerDependencies:
    encoding: ^0.1.0
  peerDependenciesMeta:
    encoding:
      optional: true
  checksum: 10c0/fcae80f5ac52fbf5012f5e19df2bd3915e67d3b3ad51cb5942943df2238d32ba15890fecabd0e166876a9f98a581ab50f3f10eb942b09405c49ef8da36b826c7
  languageName: node
  linkType: hard

"once@npm:^1.4.0":
  version: 1.4.0
  resolution: "once@npm:1.4.0"
  dependencies:
    wrappy: "npm:1"
  checksum: 10c0/5d48aca287dfefabd756621c5dfce5c91a549a93e9fdb7b8246bc4c4790aa2ec17b34a260530474635147aeb631a2dcc8b32c613df0675f96041cbb8244517d0
  languageName: node
  linkType: hard

"proxy-from-env@npm:^1.1.0":
  version: 1.1.0
  resolution: "proxy-from-env@npm:1.1.0"
  checksum: 10c0/fe7dd8b1bdbbbea18d1459107729c3e4a2243ca870d26d34c2c1bcd3e4425b7bcc5112362df2d93cc7fb9746f6142b5e272fd1cc5c86ddf8580175186f6ad42b
  languageName: node
  linkType: hard

"root-workspace-0b6124@workspace:.":
  version: 0.0.0-use.local
  resolution: "root-workspace-0b6124@workspace:."
  dependencies:
    "@octokit/rest": "npm:^19.0.5"
    axios: "npm:^1.3.2"
    dotenv: "npm:^16.0.3"
  languageName: unknown
  linkType: soft

"tr46@npm:~0.0.3":
  version: 0.0.3
  resolution: "tr46@npm:0.0.3"
  checksum: 10c0/047cb209a6b60c742f05c9d3ace8fa510bff609995c129a37ace03476a9b12db4dbf975e74600830ef0796e18882b2381fb5fb1f6b4f96b832c374de3ab91a11
  languageName: node
  linkType: hard

"universal-user-agent@npm:^6.0.0":
  version: 6.0.0
  resolution: "universal-user-agent@npm:6.0.0"
  checksum: 10c0/ebeb0206963666c13bcf9ebc86d0577c7daed5870c05cd34d4972ee7a43b9ef20679baf2a8c83bf1b71d899bae67243ac4982d84ddaf9ba0355ff76595819961
  languageName: node
  linkType: hard

"webidl-conversions@npm:^3.0.0":
  version: 3.0.1
  resolution: "webidl-conversions@npm:3.0.1"
  checksum: 10c0/5612d5f3e54760a797052eb4927f0ddc01383550f542ccd33d5238cfd65aeed392a45ad38364970d0a0f4fea32e1f4d231b3d8dac4a3bdd385e5cf802ae097db
  languageName: node
  linkType: hard

"whatwg-url@npm:^5.0.0":
  version: 5.0.0
  resolution: "whatwg-url@npm:5.0.0"
  dependencies:
    tr46: "npm:~0.0.3"
    webidl-conversions: "npm:^3.0.0"
  checksum: 10c0/1588bed84d10b72d5eec1d0faa0722ba1962f1821e7539c535558fb5398d223b0c50d8acab950b8c488b4ba69043fd833cc2697056b167d8ad46fac3995a55d5
  languageName: node
  linkType: hard

"wrappy@npm:1":
  version: 1.0.2
  resolution: "wrappy@npm:1.0.2"
  checksum: 10c0/56fece1a4018c6a6c8e28fbc88c87e0fbf4ea8fd64fc6c63b18f4acc4bd13e0ad2515189786dd2c30d3eec9663d70f4ecf699330002f8ccb547e4a18231fc9f0
  languageName: node
  linkType: hard
